Microsoft Visual Studio Solution File, Format Version 12.00
# Visual Studio Version 17
VisualStudioVersion = 17.5.2.0
MinimumVisualStudioVersion = 10.0.40219.1
Project("{FAE04EC0-301F-11D3-BF4B-00C04F79EFBC}") = "New Game Project", "New Game Project.csproj", "{3C53DCDE-2097-EB65-2FA7-398EC6183D7F}"
EndProject
Global
	GlobalSection(SolutionConfigurationPlatforms) = preSolution
		Debug|Any CPU = Debug|Any CPU
		Release|Any CPU = Release|Any CPU
	EndGlobalSection
	GlobalSection(ProjectConfigurationPlatforms) = postSolution
		{3C53DCDE-2097-EB65-2FA7-398EC6183D7F}.Debug|Any CPU.ActiveCfg = Debug|Any CPU
		{3C53DCDE-2097-EB65-2FA7-398EC6183D7F}.Debug|Any CPU.Build.0 = Debug|Any CPU
		{3C53DCDE-2097-EB65-2FA7-398EC6183D7F}.Release|Any CPU.ActiveCfg = Release|Any CPU
		{3C53DCDE-2097-EB65-2FA7-398EC6183D7F}.Release|Any CPU.Build.0 = Release|Any CPU
	EndGlobalSection
	GlobalSection(SolutionProperties) = preSolution
		HideSolutionNode = FALSE
	EndGlobalSection
	GlobalSection(ExtensibilityGlobals) = postSolution
		SolutionGuid = {BBAC5065-A9AF-4C72-A8FD-F2016FCB3620}
	EndGlobalSection
EndGlobal
